
Microsoft Visual Studio Solution File, Format Version 12.00
# Visual Studio 14
VisualStudioVersion = 14.0.25420.1
MinimumVisualStudioVersion = 10.0.40219.1
Project("{FAE04EC0-301F-11D3-BF4B-00C04F79EFBC}") = "ShapeReport", "InfoShape\ShapeReport.csproj", "{E7A78AFE-D012-46C3-B073-94BB62965DAE}"
EndProject
Global
	GlobalSection(SolutionConfigurationPlatforms) = preSolution
		CEF|Any CPU = CEF|Any CPU
		Debug|Any CPU = Debug|Any CPU
		Release|Any CPU = Release|Any CPU
	EndGlobalSection
	GlobalSection(ProjectConfigurationPlatforms) = postSolution
		{E7A78AFE-D012-46C3-B073-94BB62965DAE}.CEF|Any CPU.ActiveCfg = CEF|x86
		{E7A78AFE-D012-46C3-B073-94BB62965DAE}.CEF|Any CPU.Build.0 = CEF|x86
		{E7A78AFE-D012-46C3-B073-94BB62965DAE}.CEF|Any CPU.Deploy.0 = CEF|x86
		{E7A78AFE-D012-46C3-B073-94BB62965DAE}.Debug|Any CPU.ActiveCfg = Debug|x86
		{E7A78AFE-D012-46C3-B073-94BB62965DAE}.Debug|Any CPU.Build.0 = Debug|x86
		{E7A78AFE-D012-46C3-B073-94BB62965DAE}.Release|Any CPU.ActiveCfg = Release|Any CPU
		{E7A78AFE-D012-46C3-B073-94BB62965DAE}.Release|Any CPU.Build.0 = Release|Any CPU
	EndGlobalSection
	GlobalSection(SolutionProperties) = preSolution
		HideSolutionNode = FALSE
	EndGlobalSection
EndGlobal
